
Microsoft Visual Studio Solution File, Format Version 12.00
# Visual Studio Version 16
VisualStudioVersion = 16.0.30204.135
MinimumVisualStudioVersion = 10.0.40219.1
Project("{FAE04EC0-301F-11D3-BF4B-00C04F79EFBC}") = "Company", "Company\Company.csproj", "{F56DC1AD-A973-43EA-8F99-6326A6F554D0}"
EndProject
Global
	GlobalSection(SolutionConfigurationPlatforms) = preSolution
		Debug|Any CPU = Debug|Any CPU
		Release|Any CPU = Release|Any CPU
	EndGlobalSection
	GlobalSection(ProjectConfigurationPlatforms) = postSolution
		{F56DC1AD-A973-43EA-8F99-6326A6F554D0}.Debug|Any CPU.ActiveCfg = Debug|Any CPU
		{F56DC1AD-A973-43EA-8F99-6326A6F554D0}.Debug|Any CPU.Build.0 = Debug|Any CPU
		{F56DC1AD-A973-43EA-8F99-6326A6F554D0}.Release|Any CPU.ActiveCfg = Release|Any CPU
		{F56DC1AD-A973-43EA-8F99-6326A6F554D0}.Release|Any CPU.Build.0 = Release|Any CPU
	EndGlobalSection
	GlobalSection(SolutionProperties) = preSolution
		HideSolutionNode = FALSE
	EndGlobalSection
	GlobalSection(ExtensibilityGlobals) = postSolution
		SolutionGuid = {92CFA250-38ED-49BF-B9AE-2D6911F8332A}
	EndGlobalSection
EndGlobal
