
Microsoft Visual Studio Solution File, Format Version 12.00
# Visual Studio Version 16
VisualStudioVersion = 16.0.30621.155
MinimumVisualStudioVersion = 10.0.40219.1
Project("{FAE04EC0-301F-11D3-BF4B-00C04F79EFBC}") = "dotNetCompany", "dotNetCompany\dotNetCompany.csproj", "{7EB85540-9DA3-4A26-A7D2-4E82D27981CA}"
EndProject
Global
	GlobalSection(SolutionConfigurationPlatforms) = preSolution
		Debug|Any CPU = Debug|Any CPU
		Release|Any CPU = Release|Any CPU
	EndGlobalSection
	GlobalSection(ProjectConfigurationPlatforms) = postSolution
		{7EB85540-9DA3-4A26-A7D2-4E82D27981CA}.Debug|Any CPU.ActiveCfg = Debug|Any CPU
		{7EB85540-9DA3-4A26-A7D2-4E82D27981CA}.Debug|Any CPU.Build.0 = Debug|Any CPU
		{7EB85540-9DA3-4A26-A7D2-4E82D27981CA}.Release|Any CPU.ActiveCfg = Release|Any CPU
		{7EB85540-9DA3-4A26-A7D2-4E82D27981CA}.Release|Any CPU.Build.0 = Release|Any CPU
	EndGlobalSection
	GlobalSection(SolutionProperties) = preSolution
		HideSolutionNode = FALSE
	EndGlobalSection
	GlobalSection(ExtensibilityGlobals) = postSolution
		SolutionGuid = {15AF9D08-BA99-4B10-8DA9-15B120EEE410}
	EndGlobalSection
EndGlobal
